
Microsoft Visual Studio Solution File, Format Version 12.00
# Visual Studio 15
VisualStudioVersion = 15.0.26430.6
MinimumVisualStudioVersion = 10.0.40219.1
Project("{9A19103F-16F7-4668-BE54-9A1E7A4F7556}") = "Data.Generic", "Src\Data\Data.Generic\Data.Generic.csproj", "{A7C79C47-0A50-4216-9E74-C9463D57CB66}"
EndProject
Project("{2150E333-8FDC-42A3-9474-1A3956D46DE8}") = "Data", "Data", "{3C5E12AD-5720-4B29-9642-B6462D32FE0C}"
EndProject
Project("{2150E333-8FDC-42A3-9474-1A3956D46DE8}") = "Configuration", "Configuration", "{8468861D-1794-434C-A281-D1FD66C7E715}"
EndProject
Project("{2150E333-8FDC-42A3-9474-1A3956D46DE8}") = "Extensions", "Extensions", "{081C007C-E3DD-4D5B-8BCC-2388AE21B3E0}"
EndProject
Project("{2150E333-8FDC-42A3-9474-1A3956D46DE8}") = "Model", "Model", "{48E2C7CE-7222-4FE8-AC66-E4FBDAF2C0CA}"
EndProject
Project("{2150E333-8FDC-42A3-9474-1A3956D46DE8}") = "Business", "Business", "{D5071E27-60E3-42AE-8F86-21A587B25FB3}"
EndProject
Project("{2150E333-8FDC-42A3-9474-1A3956D46DE8}") = "Api", "Api", "{A90B2D21-252D-43C8-9082-40E88FD136F1}"
EndProject
Project("{9A19103F-16F7-4668-BE54-9A1E7A4F7556}") = "JwtManager", "Src\Extensions\JwtManager\JwtManager.csproj", "{CE3DD477-11BE-4F98-B88D-7FFD4C95FBFA}"
EndProject
Project("{9A19103F-16F7-4668-BE54-9A1E7A4F7556}") = "MongoDB.BaseEntity", "Src\Data\MongoDB.BaseEntity\MongoDB.BaseEntity.csproj", "{A9CB4308-1E80-4E3D-9258-9EA14ED7110A}"
EndProject
Project("{9A19103F-16F7-4668-BE54-9A1E7A4F7556}") = "MongoDB.Data.Generic", "Src\Data\MongoDB.Data.Generic\MongoDB.Data.Generic.csproj", "{E1715A2D-DBDC-4CCD-88F6-A11B90DCE56C}"
EndProject
Project("{9A19103F-16F7-4668-BE54-9A1E7A4F7556}") = "Cryptography", "Src\Extensions\Cryptography\Cryptography.csproj", "{069816D3-8DF6-4AB6-9509-51859F0F6247}"
EndProject
Project("{9A19103F-16F7-4668-BE54-9A1E7A4F7556}") = "Mapper", "Src\Extensions\Mapper\Mapper.csproj", "{734DDA60-46B4-4FEE-9CA5-B45220FD854B}"
EndProject
Project("{9A19103F-16F7-4668-BE54-9A1E7A4F7556}") = "TODO.Data", "Src\Data\TODO.Data\TODO.Data.csproj", "{2D62C24C-BE3F-465D-B4FE-AB51703F5BF9}"
EndProject
Project("{9A19103F-16F7-4668-BE54-9A1E7A4F7556}") = "TODO.Configuration", "Src\Configuration\TODO.Configuration\TODO.Configuration.csproj", "{A01D62D1-9475-4557-AFCB-07A4377FDC9A}"
EndProject
Project("{9A19103F-16F7-4668-BE54-9A1E7A4F7556}") = "TODO.Business", "Src\Business\TODO.Business\TODO.Business.csproj", "{1E947C4B-AEA7-4472-BDE4-C72C1B6F1D07}"
EndProject
Project("{9A19103F-16F7-4668-BE54-9A1E7A4F7556}") = "TODO.Model", "Src\Models\TODO.Model\TODO.Model.csproj", "{9D8E3073-8C6F-49A5-B7C5-505F7198C4FE}"
EndProject
Project("{9A19103F-16F7-4668-BE54-9A1E7A4F7556}") = "TODO.WebApi", "Src\Api\TODO.WebApi\TODO.WebApi.csproj", "{49D368EC-8A69-4319-B16E-73833F015795}"
EndProject
Global
	GlobalSection(SolutionConfigurationPlatforms) = preSolution
		Debug|Any CPU = Debug|Any CPU
		Release|Any CPU = Release|Any CPU
	EndGlobalSection
	GlobalSection(ProjectConfigurationPlatforms) = postSolution
		{A7C79C47-0A50-4216-9E74-C9463D57CB66}.Debug|Any CPU.ActiveCfg = Debug|Any CPU
		{A7C79C47-0A50-4216-9E74-C9463D57CB66}.Debug|Any CPU.Build.0 = Debug|Any CPU
		{A7C79C47-0A50-4216-9E74-C9463D57CB66}.Release|Any CPU.ActiveCfg = Release|Any CPU
		{A7C79C47-0A50-4216-9E74-C9463D57CB66}.Release|Any CPU.Build.0 = Release|Any CPU
		{CE3DD477-11BE-4F98-B88D-7FFD4C95FBFA}.Debug|Any CPU.ActiveCfg = Debug|Any CPU
		{CE3DD477-11BE-4F98-B88D-7FFD4C95FBFA}.Debug|Any CPU.Build.0 = Debug|Any CPU
		{CE3DD477-11BE-4F98-B88D-7FFD4C95FBFA}.Release|Any CPU.ActiveCfg = Release|Any CPU
		{CE3DD477-11BE-4F98-B88D-7FFD4C95FBFA}.Release|Any CPU.Build.0 = Release|Any CPU
		{A9CB4308-1E80-4E3D-9258-9EA14ED7110A}.Debug|Any CPU.ActiveCfg = Debug|Any CPU
		{A9CB4308-1E80-4E3D-9258-9EA14ED7110A}.Debug|Any CPU.Build.0 = Debug|Any CPU
		{A9CB4308-1E80-4E3D-9258-9EA14ED7110A}.Release|Any CPU.ActiveCfg = Release|Any CPU
		{A9CB4308-1E80-4E3D-9258-9EA14ED7110A}.Release|Any CPU.Build.0 = Release|Any CPU
		{E1715A2D-DBDC-4CCD-88F6-A11B90DCE56C}.Debug|Any CPU.ActiveCfg = Debug|Any CPU
		{E1715A2D-DBDC-4CCD-88F6-A11B90DCE56C}.Debug|Any CPU.Build.0 = Debug|Any CPU
		{E1715A2D-DBDC-4CCD-88F6-A11B90DCE56C}.Release|Any CPU.ActiveCfg = Release|Any CPU
		{E1715A2D-DBDC-4CCD-88F6-A11B90DCE56C}.Release|Any CPU.Build.0 = Release|Any CPU
		{069816D3-8DF6-4AB6-9509-51859F0F6247}.Debug|Any CPU.ActiveCfg = Debug|Any CPU
		{069816D3-8DF6-4AB6-9509-51859F0F6247}.Debug|Any CPU.Build.0 = Debug|Any CPU
		{069816D3-8DF6-4AB6-9509-51859F0F6247}.Release|Any CPU.ActiveCfg = Release|Any CPU
		{069816D3-8DF6-4AB6-9509-51859F0F6247}.Release|Any CPU.Build.0 = Release|Any CPU
		{734DDA60-46B4-4FEE-9CA5-B45220FD854B}.Debug|Any CPU.ActiveCfg = Debug|Any CPU
		{734DDA60-46B4-4FEE-9CA5-B45220FD854B}.Debug|Any CPU.Build.0 = Debug|Any CPU
		{734DDA60-46B4-4FEE-9CA5-B45220FD854B}.Release|Any CPU.ActiveCfg = Release|Any CPU
		{734DDA60-46B4-4FEE-9CA5-B45220FD854B}.Release|Any CPU.Build.0 = Release|Any CPU
		{2D62C24C-BE3F-465D-B4FE-AB51703F5BF9}.Debug|Any CPU.ActiveCfg = Debug|Any CPU
		{2D62C24C-BE3F-465D-B4FE-AB51703F5BF9}.Debug|Any CPU.Build.0 = Debug|Any CPU
		{2D62C24C-BE3F-465D-B4FE-AB51703F5BF9}.Release|Any CPU.ActiveCfg = Release|Any CPU
		{2D62C24C-BE3F-465D-B4FE-AB51703F5BF9}.Release|Any CPU.Build.0 = Release|Any CPU
		{A01D62D1-9475-4557-AFCB-07A4377FDC9A}.Debug|Any CPU.ActiveCfg = Debug|Any CPU
		{A01D62D1-9475-4557-AFCB-07A4377FDC9A}.Debug|Any CPU.Build.0 = Debug|Any CPU
		{A01D62D1-9475-4557-AFCB-07A4377FDC9A}.Release|Any CPU.ActiveCfg = Release|Any CPU
		{A01D62D1-9475-4557-AFCB-07A4377FDC9A}.Release|Any CPU.Build.0 = Release|Any CPU
		{1E947C4B-AEA7-4472-BDE4-C72C1B6F1D07}.Debug|Any CPU.ActiveCfg = Debug|Any CPU
		{1E947C4B-AEA7-4472-BDE4-C72C1B6F1D07}.Debug|Any CPU.Build.0 = Debug|Any CPU
		{1E947C4B-AEA7-4472-BDE4-C72C1B6F1D07}.Release|Any CPU.ActiveCfg = Release|Any CPU
		{1E947C4B-AEA7-4472-BDE4-C72C1B6F1D07}.Release|Any CPU.Build.0 = Release|Any CPU
		{9D8E3073-8C6F-49A5-B7C5-505F7198C4FE}.Debug|Any CPU.ActiveCfg = Debug|Any CPU
		{9D8E3073-8C6F-49A5-B7C5-505F7198C4FE}.Debug|Any CPU.Build.0 = Debug|Any CPU
		{9D8E3073-8C6F-49A5-B7C5-505F7198C4FE}.Release|Any CPU.ActiveCfg = Release|Any CPU
		{9D8E3073-8C6F-49A5-B7C5-505F7198C4FE}.Release|Any CPU.Build.0 = Release|Any CPU
		{49D368EC-8A69-4319-B16E-73833F015795}.Debug|Any CPU.ActiveCfg = Debug|Any CPU
		{49D368EC-8A69-4319-B16E-73833F015795}.Debug|Any CPU.Build.0 = Debug|Any CPU
		{49D368EC-8A69-4319-B16E-73833F015795}.Release|Any CPU.ActiveCfg = Release|Any CPU
		{49D368EC-8A69-4319-B16E-73833F015795}.Release|Any CPU.Build.0 = Release|Any CPU
	EndGlobalSection
	GlobalSection(SolutionProperties) = preSolution
		HideSolutionNode = FALSE
	EndGlobalSection
	GlobalSection(NestedProjects) = preSolution
		{A7C79C47-0A50-4216-9E74-C9463D57CB66} = {3C5E12AD-5720-4B29-9642-B6462D32FE0C}
		{CE3DD477-11BE-4F98-B88D-7FFD4C95FBFA} = {081C007C-E3DD-4D5B-8BCC-2388AE21B3E0}
		{A9CB4308-1E80-4E3D-9258-9EA14ED7110A} = {3C5E12AD-5720-4B29-9642-B6462D32FE0C}
		{E1715A2D-DBDC-4CCD-88F6-A11B90DCE56C} = {3C5E12AD-5720-4B29-9642-B6462D32FE0C}
		{069816D3-8DF6-4AB6-9509-51859F0F6247} = {081C007C-E3DD-4D5B-8BCC-2388AE21B3E0}
		{734DDA60-46B4-4FEE-9CA5-B45220FD854B} = {081C007C-E3DD-4D5B-8BCC-2388AE21B3E0}
		{2D62C24C-BE3F-465D-B4FE-AB51703F5BF9} = {3C5E12AD-5720-4B29-9642-B6462D32FE0C}
		{A01D62D1-9475-4557-AFCB-07A4377FDC9A} = {8468861D-1794-434C-A281-D1FD66C7E715}
		{1E947C4B-AEA7-4472-BDE4-C72C1B6F1D07} = {D5071E27-60E3-42AE-8F86-21A587B25FB3}
		{9D8E3073-8C6F-49A5-B7C5-505F7198C4FE} = {48E2C7CE-7222-4FE8-AC66-E4FBDAF2C0CA}
		{49D368EC-8A69-4319-B16E-73833F015795} = {A90B2D21-252D-43C8-9082-40E88FD136F1}
	EndGlobalSection
	GlobalSection(ExtensibilityGlobals) = postSolution
		SolutionGuid = {0779A424-6702-4F8A-9D16-39D47CF3942D}
	EndGlobalSection
EndGlobal
